
Microsoft Visual Studio Solution File, Format Version 12.00
# Visual Studio Version 17
VisualStudioVersion = 17.7.34221.43
MinimumVisualStudioVersion = 10.0.40219.1
Project("{9A19103F-16F7-4668-BE54-9A1E7A4F7556}") = "Algorithms", "Algorithms\Algorithms.csproj", "{7D7F48F7-3457-4F45-BAD0-8BA84DF6C6EC}"
EndProject
Project("{9A19103F-16F7-4668-BE54-9A1E7A4F7556}") = "Tests", "Tests\Tests.csproj", "{EBCB046B-AE15-42D0-A0D5-BD466D5D931D}"
EndProject
Global
	GlobalSection(SolutionConfigurationPlatforms) = preSolution
		Debug|Any CPU = Debug|Any CPU
		Release|Any CPU = Release|Any CPU
	EndGlobalSection
	GlobalSection(ProjectConfigurationPlatforms) = postSolution
		{7D7F48F7-3457-4F45-BAD0-8BA84DF6C6EC}.Debug|Any CPU.ActiveCfg = Debug|Any CPU
		{7D7F48F7-3457-4F45-BAD0-8BA84DF6C6EC}.Debug|Any CPU.Build.0 = Debug|Any CPU
		{7D7F48F7-3457-4F45-BAD0-8BA84DF6C6EC}.Release|Any CPU.ActiveCfg = Release|Any CPU
		{7D7F48F7-3457-4F45-BAD0-8BA84DF6C6EC}.Release|Any CPU.Build.0 = Release|Any CPU
		{EBCB046B-AE15-42D0-A0D5-BD466D5D931D}.Debug|Any CPU.ActiveCfg = Debug|Any CPU
		{EBCB046B-AE15-42D0-A0D5-BD466D5D931D}.Debug|Any CPU.Build.0 = Debug|Any CPU
		{EBCB046B-AE15-42D0-A0D5-BD466D5D931D}.Release|Any CPU.ActiveCfg = Release|Any CPU
		{EBCB046B-AE15-42D0-A0D5-BD466D5D931D}.Release|Any CPU.Build.0 = Release|Any CPU
	EndGlobalSection
	GlobalSection(SolutionProperties) = preSolution
		HideSolutionNode = FALSE
	EndGlobalSection
	GlobalSection(ExtensibilityGlobals) = postSolution
		SolutionGuid = {72DA9971-C5F3-4C46-8E06-7C719AFE0744}
	EndGlobalSection
EndGlobal
